[{<<"goldrush">>,
  {git,"git://github.com/DeadZen/goldrush.git",
       {ref,"212299233c7e7eb63a97be2777e1c05ebaa58dbe"}},
  1},
 {<<"lager">>,
  {git,"git://github.com/basho/lager.git",
       {ref,"1c42c3bffbab49b0f06c9a916b00ca4911ae6a2f"}},
  0},
 {<<"vernemq_dev">>,
  {git,"git://github.com/vernemq/vernemq_dev.git",
       {ref,"9afa661feaf15f73e2a64cd81166cf335329882e"}},
  0}].
